{
  "name": "td_check",
  "lockfileVersion": 2,
  "requires": true,
  "packages": {
    "": {
      "dependencies": {
        "tldjs": "^2.3.1",
        "tldts": "^5.7.57",
        "url-parse-lax": "^5.0.0"
      }
    },
    "node_modules/prepend-http": {
      "version": "4.0.0",
      "resolved": "https://registry.npmjs.org/prepend-http/-/prepend-http-4.0.0.tgz",
      "integrity": "sha512-s6SRDuOuRo7JXWh7115pmJdh53sX0Azuk/3znjVxSoD4GusXzzBDrLQgH0rspeHNs5f+Yihz7JIT3UBMwFEn6Q==",
      "engines": {
        "node": "^12.20.0 || ^14.13.1 || >=16.0.0"
      },
      "funding": {
        "url": "https://github.com/sponsors/sindresorhus"
      }
    },
    "node_modules/punycode": {
      "version": "1.4.1",
      "resolved": "https://registry.npmjs.org/punycode/-/punycode-1.4.1.tgz",
      "integrity": "sha1-wNWmOycYgArY4esPpSachN1BhF4="
    },
    "node_modules/tldjs": {
      "version": "2.3.1",
      "resolved": "https://registry.npmjs.org/tldjs/-/tldjs-2.3.1.tgz",
      "integrity": "sha512-W/YVH/QczLUxVjnQhFC61Iq232NWu3TqDdO0S/MtXVz4xybejBov4ud+CIwN9aYqjOecEqIy0PscGkwpG9ZyTw==",
      "hasInstallScript": true,
      "dependencies": {
        "punycode": "^1.4.1"
      },
      "engines": {
        "node": ">= 4"
      }
    },
    "node_modules/tldts": {
      "version": "5.7.57",
      "resolved": "https://registry.npmjs.org/tldts/-/tldts-5.7.57.tgz",
      "integrity": "sha512-qYu5hGMAhxq5qV3/OgykhtyTrR63f+Imn1w+ZFwVFo5dFHvrgK2AlB/W5pnJ2ZdGArmL6YhMDqZAS5KfCIntmA==",
      "dependencies": {
        "tldts-core": "^5.7.57"
      },
      "bin": {
        "tldts": "bin/cli.js"
      }
    },
    "node_modules/tldts-core": {
      "version": "5.7.57",
      "resolved": "https://registry.npmjs.org/tldts-core/-/tldts-core-5.7.57.tgz",
      "integrity": "sha512-rk3UxpBGY/wEQSFv5bJCYDwl/suy6v5o6ZKWsi2Ej+U2CZqWDZBFrJJqDHW9PgS2YBsaqDtFkSUZoIzI0BviqQ=="
    },
    "node_modules/url-parse-lax": {
      "version": "5.0.0",
      "resolved": "https://registry.npmjs.org/url-parse-lax/-/url-parse-lax-5.0.0.tgz",
      "integrity": "sha512-nb/3+jhgBfN5r9RAGTDzHAXLjmFsAJjPfwaLeI3GOlMj0iUT8wlxNw7KEDfUpoZGdTquT3jDEBxay3fKvkKc6w==",
      "dependencies": {
        "prepend-http": "^4.0.0"
      },
      "engines": {
        "node": "^12.20.0 || ^14.13.1 || >=16.0.0"
      },
      "funding": {
        "url": "https://github.com/sponsors/sindresorhus"
      }
    }
  },
  "dependencies": {
    "prepend-http": {
      "version": "4.0.0",
      "resolved": "https://registry.npmjs.org/prepend-http/-/prepend-http-4.0.0.tgz",
      "integrity": "sha512-s6SRDuOuRo7JXWh7115pmJdh53sX0Azuk/3znjVxSoD4GusXzzBDrLQgH0rspeHNs5f+Yihz7JIT3UBMwFEn6Q=="
    },
    "punycode": {
      "version": "1.4.1",
      "resolved": "https://registry.npmjs.org/punycode/-/punycode-1.4.1.tgz",
      "integrity": "sha1-wNWmOycYgArY4esPpSachN1BhF4="
    },
    "tldjs": {
      "version": "2.3.1",
      "resolved": "https://registry.npmjs.org/tldjs/-/tldjs-2.3.1.tgz",
      "integrity": "sha512-W/YVH/QczLUxVjnQhFC61Iq232NWu3TqDdO0S/MtXVz4xybejBov4ud+CIwN9aYqjOecEqIy0PscGkwpG9ZyTw==",
      "requires": {
        "punycode": "^1.4.1"
      }
    },
    "tldts": {
      "version": "5.7.57",
      "resolved": "https://registry.npmjs.org/tldts/-/tldts-5.7.57.tgz",
      "integrity": "sha512-qYu5hGMAhxq5qV3/OgykhtyTrR63f+Imn1w+ZFwVFo5dFHvrgK2AlB/W5pnJ2ZdGArmL6YhMDqZAS5KfCIntmA==",
      "requires": {
        "tldts-core": "^5.7.57"
      }
    },
    "tldts-core": {
      "version": "5.7.57",
      "resolved": "https://registry.npmjs.org/tldts-core/-/tldts-core-5.7.57.tgz",
      "integrity": "sha512-rk3UxpBGY/wEQSFv5bJCYDwl/suy6v5o6ZKWsi2Ej+U2CZqWDZBFrJJqDHW9PgS2YBsaqDtFkSUZoIzI0BviqQ=="
    },
    "url-parse-lax": {
      "version": "5.0.0",
      "resolved": "https://registry.npmjs.org/url-parse-lax/-/url-parse-lax-5.0.0.tgz",
      "integrity": "sha512-nb/3+jhgBfN5r9RAGTDzHAXLjmFsAJjPfwaLeI3GOlMj0iUT8wlxNw7KEDfUpoZGdTquT3jDEBxay3fKvkKc6w==",
      "requires": {
        "prepend-http": "^4.0.0"
      }
    }
  }
}
